
Microsoft Visual Studio Solution File, Format Version 12.00
# Visual Studio Version 16
VisualStudioVersion = 16.0.30709.132
MinimumVisualStudioVersion = 10.0.40219.1
Project("{FAE04EC0-301F-11D3-BF4B-00C04F79EFBC}") = "HolidaySim", "HolidaySim.csproj", "{6697BE7C-856A-4910-8182-CFDC5018D555}"
EndProject
Global
	GlobalSection(SolutionConfigurationPlatforms) = preSolution
		Debug|Any CPU = Debug|Any CPU
		Release|Any CPU = Release|Any CPU
	EndGlobalSection
	GlobalSection(ProjectConfigurationPlatforms) = postSolution
		{6697BE7C-856A-4910-8182-CFDC5018D555}.Debug|Any CPU.ActiveCfg = Debug|Any CPU
		{6697BE7C-856A-4910-8182-CFDC5018D555}.Debug|Any CPU.Build.0 = Debug|Any CPU
		{6697BE7C-856A-4910-8182-CFDC5018D555}.Release|Any CPU.ActiveCfg = Release|Any CPU
		{6697BE7C-856A-4910-8182-CFDC5018D555}.Release|Any CPU.Build.0 = Release|Any CPU
	EndGlobalSection
	GlobalSection(SolutionProperties) = preSolution
		HideSolutionNode = FALSE
	EndGlobalSection
	GlobalSection(ExtensibilityGlobals) = postSolution
		SolutionGuid = {2837790B-03C8-4A94-B76D-49671133E105}
	EndGlobalSection
EndGlobal
